
Microsoft Visual Studio Solution File, Format Version 12.00
# Visual Studio 15
Project("{FAE04EC0-301F-11D3-BF4B-00C04F79EFBC}") = "Assembly-CSharp", "Assembly-CSharp.csproj", "{4BE523D9-3A35-5E70-7231-34CCBB245C63}"
EndProject
Project("{FAE04EC0-301F-11D3-BF4B-00C04F79EFBC}") = "Assembly-CSharp-Editor", "Assembly-CSharp-Editor.csproj", "{0FC32716-103B-774A-394B-E7B0E9B47AF3}"
EndProject
Global
	GlobalSection(SolutionConfigurationPlatforms) = preSolution
		Debug|Any CPU = Debug|Any CPU
		Release|Any CPU = Release|Any CPU
	EndGlobalSection
	GlobalSection(ProjectConfigurationPlatforms) = postSolution
		{4BE523D9-3A35-5E70-7231-34CCBB245C63}.Debug|Any CPU.ActiveCfg = Debug|Any CPU
		{4BE523D9-3A35-5E70-7231-34CCBB245C63}.Debug|Any CPU.Build.0 = Debug|Any CPU
		{4BE523D9-3A35-5E70-7231-34CCBB245C63}.Release|Any CPU.ActiveCfg = Release|Any CPU
		{4BE523D9-3A35-5E70-7231-34CCBB245C63}.Release|Any CPU.Build.0 = Release|Any CPU
		{0FC32716-103B-774A-394B-E7B0E9B47AF3}.Debug|Any CPU.ActiveCfg = Debug|Any CPU
		{0FC32716-103B-774A-394B-E7B0E9B47AF3}.Debug|Any CPU.Build.0 = Debug|Any CPU
		{0FC32716-103B-774A-394B-E7B0E9B47AF3}.Release|Any CPU.ActiveCfg = Release|Any CPU
		{0FC32716-103B-774A-394B-E7B0E9B47AF3}.Release|Any CPU.Build.0 = Release|Any CPU
	EndGlobalSection
	GlobalSection(SolutionProperties) = preSolution
		HideSolutionNode = FALSE
	EndGlobalSection
EndGlobal
